// !$*UTF8*$!
{
	archiveVersion = 1;
	classes = {
	};
	objectVersion = 48;
	objects = {

/* Begin PBXBuildFile section */
		697D085B1F77D8C60090D946 /* AppDelegate.swift in Sources */ = {isa = PBXBuildFile; fileRef = 697D085A1F77D8C60090D946 /* AppDelegate.swift */; };
		697D085D1F77D8C60090D946 /* ViewController.swift in Sources */ = {isa = PBXBuildFile; fileRef = 697D085C1F77D8C60090D946 /* ViewController.swift */; };
		697D08601F77D8C60090D946 /* Main.storyboard in Resources */ = {isa = PBXBuildFile; fileRef = 697D085E1F77D8C60090D946 /* Main.storyboard */; };
		697D08621F77D8C60090D946 /* Assets.xcassets in Resources */ = {isa = PBXBuildFile; fileRef = 697D08611F77D8C60090D946 /* Assets.xcassets */; };
		697D08651F77D8C60090D946 /* LaunchScreen.storyboard in Resources */ = {isa = PBXBuildFile; fileRef = 697D08631F77D8C60090D946 /* LaunchScreen.storyboard */; };
		697D086D1F77DACA0090D946 /* WC.swift in Sources */ = {isa = PBXBuildFile; fileRef = 697D086C1F77DACA0090D946 /* WC.swift */; };
		6984A6B71F781330002EB507 /* WCCell.swift in Sources */ = {isa = PBXBuildFile; fileRef = 6984A6B51F78132F002EB507 /* WCCell.swift */; };
		6984A6BA1F7813A2002EB507 /* WCCell.xib in Resources */ = {isa = PBXBuildFile; fileRef = 6984A6B91F7813A2002EB507 /* WCCell.xib */; };
/* End PBXBuildFile section */

/* Begin PBXFileReference section */
		697D08571F77D8C60090D946 /* ZurichWC.app */ = {isa = PBXFileReference; explicitFileType = wrapper.application; includeInIndex = 0; path = ZurichWC.app; sourceTree = BUILT_PRODUCTS_DIR; };
		697D085A1F77D8C60090D946 /* AppDelegate.swift */ = {isa = PBXFileReference; lastKnownFileType = sourcecode.swift; path = AppDelegate.swift; sourceTree = "<group>"; };
		697D085C1F77D8C60090D946 /* ViewController.swift */ = {isa = PBXFileReference; lastKnownFileType = sourcecode.swift; path = ViewController.swift; sourceTree = "<group>"; };
		697D085F1F77D8C60090D946 /* Base */ = {isa = PBXFileReference; lastKnownFileType = file.storyboard; name = Base; path = Base.lproj/Main.storyboard; sourceTree = "<group>"; };
		697D08611F77D8C60090D946 /* Assets.xcassets */ = {isa = PBXFileReference; lastKnownFileType = folder.assetcatalog; path = Assets.xcassets; sourceTree = "<group>"; };
		697D08641F77D8C60090D946 /* Base */ = {isa = PBXFileReference; lastKnownFileType = file.storyboard; name = Base; path = Base.lproj/LaunchScreen.storyboard; sourceTree = "<group>"; };
		697D08661F77D8C60090D946 /* Info.plist */ = {isa = PBXFileReference; lastKnownFileType = text.plist.xml; path = Info.plist; sourceTree = "<group>"; };
		697D086C1F77DACA0090D946 /* WC.swift */ = {isa = PBXFileReference; lastKnownFileType = sourcecode.swift; path = WC.swift; sourceTree = "<group>"; };
		6984A6B51F78132F002EB507 /* WCCell.swift */ = {isa = PBXFileReference; fileEncoding = 4; lastKnownFileType = sourcecode.swift; path = WCCell.swift; sourceTree = "<group>"; };
		6984A6B91F7813A2002EB507 /* WCCell.xib */ = {isa = PBXFileReference; fileEncoding = 4; lastKnownFileType = file.xib; path = WCCell.xib; sourceTree = "<group>"; };
/* End PBXFileReference section */

/* Begin PBXFrameworksBuildPhase section */
		697D08541F77D8C60090D946 /* Frameworks */ = {
			isa = PBXFrameworksBuildPhase;
			buildActionMask = 2147483647;
			files = (
			);
			runOnlyForDeploymentPostprocessing = 0;
		};
/* End PBXFrameworksBuildPhase section */

/* Begin PBXGroup section */
		697D084E1F77D8C60090D946 = {
			isa = PBXGroup;
			children = (
				697D08591F77D8C60090D946 /* ZurichWC */,
				697D08581F77D8C60090D946 /* Products */,
			);
			sourceTree = "<group>";
		};
		697D08581F77D8C60090D946 /* Products */ = {
			isa = PBXGroup;
			children = (
				697D08571F77D8C60090D946 /* ZurichWC.app */,
			);
			name = Products;
			sourceTree = "<group>";
		};
		697D08591F77D8C60090D946 /* ZurichWC */ = {
			isa = PBXGroup;
			children = (
				6984A6B91F7813A2002EB507 /* WCCell.xib */,
				6984A6B51F78132F002EB507 /* WCCell.swift */,
				697D085A1F77D8C60090D946 /* AppDelegate.swift */,
				697D085C1F77D8C60090D946 /* ViewController.swift */,
				697D085E1F77D8C60090D946 /* Main.storyboard */,
				697D08611F77D8C60090D946 /* Assets.xcassets */,
				697D08631F77D8C60090D946 /* LaunchScreen.storyboard */,
				697D08661F77D8C60090D946 /* Info.plist */,
				697D086C1F77DACA0090D946 /* WC.swift */,
			);
			path = ZurichWC;
			sourceTree = "<group>";
		};
/* End PBXGroup section */

/* Begin PBXNativeTarget section */
		697D08561F77D8C60090D946 /* ZurichWC */ = {
			isa = PBXNativeTarget;
			buildConfigurationList = 697D08691F77D8C60090D946 /* Build configuration list for PBXNativeTarget "ZurichWC" */;
			buildPhases = (
				697D08531F77D8C60090D946 /* Sources */,
				697D08541F77D8C60090D946 /* Frameworks */,
				697D08551F77D8C60090D946 /* Resources */,
			);
			buildRules = (
			);
			dependencies = (
			);
			name = ZurichWC;
			productName = ZurichWC;
			productReference = 697D08571F77D8C60090D946 /* ZurichWC.app */;
			productType = "com.apple.product-type.application";
		};
/* End PBXNativeTarget section */

/* Begin PBXProject section */
		697D084F1F77D8C60090D946 /* Project object */ = {
			isa = PBXProject;
			attributes = {
				LastSwiftUpdateCheck = 0900;
				LastUpgradeCheck = 0900;
				ORGANIZATIONNAME = "Josep Lopez Fernandez";
				TargetAttributes = {
					697D08561F77D8C60090D946 = {
						CreatedOnToolsVersion = 9.0;
						ProvisioningStyle = Automatic;
					};
				};
			};
			buildConfigurationList = 697D08521F77D8C60090D946 /* Build configuration list for PBXProject "ZurichWC" */;
			compatibilityVersion = "Xcode 8.0";
			developmentRegion = en;
			hasScannedForEncodings = 0;
			knownRegions = (
				en,
				Base,
			);
			mainGroup = 697D084E1F77D8C60090D946;
			productRefGroup = 697D08581F77D8C60090D946 /* Products */;
			projectDirPath = "";
			projectRoot = "";
			targets = (
				697D08561F77D8C60090D946 /* ZurichWC */,
			);
		};
/* End PBXProject section */

/* Begin PBXResourcesBuildPhase section */
		697D08551F77D8C60090D946 /* Resources */ = {
			isa = PBXResourcesBuildPhase;
			buildActionMask = 2147483647;
			files = (
				697D08651F77D8C60090D946 /* LaunchScreen.storyboard in Resources */,
				6984A6BA1F7813A2002EB507 /* WCCell.xib in Resources */,
				697D08621F77D8C60090D946 /* Assets.xcassets in Resources */,
				697D08601F77D8C60090D946 /* Main.storyboard in Resources */,
			);
			runOnlyForDeploymentPostprocessing = 0;
		};
/* End PBXResourcesBuildPhase section */

/* Begin PBXSourcesBuildPhase section */
		697D08531F77D8C60090D946 /* Sources */ = {
			isa = PBXSourcesBuildPhase;
			buildActionMask = 2147483647;
			files = (
				697D085D1F77D8C60090D946 /* ViewController.swift in Sources */,
				697D085B1F77D8C60090D946 /* AppDelegate.swift in Sources */,
				6984A6B71F781330002EB507 /* WCCell.swift in Sources */,
				697D086D1F77DACA0090D946 /* WC.swift in Sources */,
			);
			runOnlyForDeploymentPostprocessing = 0;
		};
/* End PBXSourcesBuildPhase section */

/* Begin PBXVariantGroup section */
		697D085E1F77D8C60090D946 /* Main.storyboard */ = {
			isa = PBXVariantGroup;
			children = (
				697D085F1F77D8C60090D946 /* Base */,
			);
			name = Main.storyboard;
			sourceTree = "<group>";
		};
		697D08631F77D8C60090D946 /* LaunchScreen.storyboard */ = {
			isa = PBXVariantGroup;
			children = (
				697D08641F77D8C60090D946 /* Base */,
			);
			name = LaunchScreen.storyboard;
			sourceTree = "<group>";
		};
/* End PBXVariantGroup section */

/* Begin XCBuildConfiguration section */
		697D08671F77D8C60090D946 /* Debug */ = {
			isa = XCBuildConfiguration;
			buildSettings = {
				ALWAYS_SEARCH_USER_PATHS = NO;
				CLANG_ANALYZER_NONNULL = YES;
				CLANG_ANALYZER_NUMBER_OBJECT_CONVERSION = YES_AGGRESSIVE;
				CLANG_CXX_LANGUAGE_STANDARD = "gnu++14";
				CLANG_CXX_LIBRARY = "libc++";
				CLANG_ENABLE_MODULES = YES;
				CLANG_ENABLE_OBJC_ARC = YES;
				CLANG_WARN_BLOCK_CAPTURE_AUTORELEASING = YES;
				CLANG_WARN_BOOL_CONVERSION = YES;
				CLANG_WARN_COMMA = YES;
				CLANG_WARN_CONSTANT_CONVERSION = YES;
				CLANG_WARN_DIRECT_OBJC_ISA_USAGE = YES_ERROR;
				CLANG_WARN_DOCUMENTATION_COMMENTS = YES;
				CLANG_WARN_EMPTY_BODY = YES;
				CLANG_WARN_ENUM_CONVERSION = YES;
				CLANG_WARN_INFINITE_RECURSION = YES;
				CLANG_WARN_INT_CONVERSION = YES;
				CLANG_WARN_NON_LITERAL_NULL_CONVERSION = YES;
				CLANG_WARN_OBJC_LITERAL_CONVERSION = YES;
				CLANG_WARN_OBJC_ROOT_CLASS = YES_ERROR;
				CLANG_WARN_RANGE_LOOP_ANALYSIS = YES;
				CLANG_WARN_STRICT_PROTOTYPES = YES;
				CLANG_WARN_SUSPICIOUS_MOVE = YES;
				CLANG_WARN_UNGUARDED_AVAILABILITY = YES_AGGRESSIVE;
				CLANG_WARN_UNREACHABLE_CODE = YES;
				CLANG_WARN__DUPLICATE_METHOD_MATCH = YES;
				CODE_SIGN_IDENTITY = "iPhone Developer";
				COPY_PHASE_STRIP = NO;
				DEBUG_INFORMATION_FORMAT = dwarf;
				ENABLE_STRICT_OBJC_MSGSEND = YES;
				ENABLE_TESTABILITY = YES;
				GCC_C_LANGUAGE_STANDARD = gnu11;
				GCC_DYNAMIC_NO_PIC = NO;
				GCC_NO_COMMON_BLOCKS = YES;
				GCC_OPTIMIZATION_LEVEL = 0;
				GCC_PREPROCESSOR_DEFINITIONS = (
					"DEBUG=1",
					"$(inherited)",
				);
				GCC_WARN_64_TO_32_BIT_CONVERSION = YES;
				GCC_WARN_ABOUT_RETURN_TYPE = YES_ERROR;
				GCC_WARN_UNDECLARED_SELECTOR = YES;
				GCC_WARN_UNINITIALIZED_AUTOS = YES_AGGRESSIVE;
				GCC_WARN_UNUSED_FUNCTION = YES;
				GCC_WARN_UNUSED_VARIABLE = YES;
				IPHONEOS_DEPLOYMENT_TARGET = 11.0;
				MTL_ENABLE_DEBUG_INFO = YES;
				ONLY_ACTIVE_ARCH = YES;
				SDKROOT = iphoneos;
				SWIFT_ACTIVE_COMPILATION_CONDITIONS = DEBUG;
				SWIFT_OPTIMIZATION_LEVEL = "-Onone";
			};
			name = Debug;
		};
		697D08681F77D8C60090D946 /* Release */ = {
			isa = XCBuildConfiguration;
			buildSettings = {
				ALWAYS_SEARCH_USER_PATHS = NO;
				CLANG_ANALYZER_NONNULL = YES;
				CLANG_ANALYZER_NUMBER_OBJECT_CONVERSION = YES_AGGRESSIVE;
				CLANG_CXX_LANGUAGE_STANDARD = "gnu++14";
				CLANG_CXX_LIBRARY = "libc++";
				CLANG_ENABLE_MODULES = YES;
				CLANG_ENABLE_OBJC_ARC = YES;
				CLANG_WARN_BLOCK_CAPTURE_AUTORELEASING = YES;
				CLANG_WARN_BOOL_CONVERSION = YES;
				CLANG_WARN_COMMA = YES;
				CLANG_WARN_CONSTANT_CONVERSION = YES;
				CLANG_WARN_DIRECT_OBJC_ISA_USAGE = YES_ERROR;
				CLANG_WARN_DOCUMENTATION_COMMENTS = YES;
				CLANG_WARN_EMPTY_BODY = YES;
				CLANG_WARN_ENUM_CONVERSION = YES;
				CLANG_WARN_INFINITE_RECURSION = YES;
				CLANG_WARN_INT_CONVERSION = YES;
				CLANG_WARN_NON_LITERAL_NULL_CONVERSION = YES;
				CLANG_WARN_OBJC_LITERAL_CONVERSION = YES;
				CLANG_WARN_OBJC_ROOT_CLASS = YES_ERROR;
				CLANG_WARN_RANGE_LOOP_ANALYSIS = YES;
				CLANG_WARN_STRICT_PROTOTYPES = YES;
				CLANG_WARN_SUSPICIOUS_MOVE = YES;
				CLANG_WARN_UNGUARDED_AVAILABILITY = YES_AGGRESSIVE;
				CLANG_WARN_UNREACHABLE_CODE = YES;
				CLANG_WARN__DUPLICATE_METHOD_MATCH = YES;
				CODE_SIGN_IDENTITY = "iPhone Developer";
				COPY_PHASE_STRIP = NO;
				DEBUG_INFORMATION_FORMAT = "dwarf-with-dsym";
				ENABLE_NS_ASSERTIONS = NO;
				ENABLE_STRICT_OBJC_MSGSEND = YES;
				GCC_C_LANGUAGE_STANDARD = gnu11;
				GCC_NO_COMMON_BLOCKS = YES;
				GCC_WARN_64_TO_32_BIT_CONVERSION = YES;
				GCC_WARN_ABOUT_RETURN_TYPE = YES_ERROR;
				GCC_WARN_UNDECLARED_SELECTOR = YES;
				GCC_WARN_UNINITIALIZED_AUTOS = YES_AGGRESSIVE;
				GCC_WARN_UNUSED_FUNCTION = YES;
				GCC_WARN_UNUSED_VARIABLE = YES;
				IPHONEOS_DEPLOYMENT_TARGET = 11.0;
				MTL_ENABLE_DEBUG_INFO = NO;
				SDKROOT = iphoneos;
				SWIFT_OPTIMIZATION_LEVEL = "-Owholemodule";
				VALIDATE_PRODUCT = YES;
			};
			name = Release;
		};
		697D086A1F77D8C60090D946 /* Debug */ = {
			isa = XCBuildConfiguration;
			buildSettings = {
				ASSETCATALOG_COMPILER_APPICON_NAME = AppIcon;
				CODE_SIGN_STYLE = Automatic;
				INFOPLIST_FILE = ZurichWC/Info.plist;
				LD_RUNPATH_SEARCH_PATHS = "$(inherited) @executable_path/Frameworks";
				PRODUCT_BUNDLE_IDENTIFIER = jayk1d.ZurichWC;
				PRODUCT_NAME = "$(TARGET_NAME)";
				SWIFT_VERSION = 4.0;
				TARGETED_DEVICE_FAMILY = "1,2";
			};
			name = Debug;
		};
		697D086B1F77D8C60090D946 /* Release */ = {
			isa = XCBuildConfiguration;
			buildSettings = {
				ASSETCATALOG_COMPILER_APPICON_NAME = AppIcon;
				CODE_SIGN_STYLE = Automatic;
				INFOPLIST_FILE = ZurichWC/Info.plist;
				LD_RUNPATH_SEARCH_PATHS = "$(inherited) @executable_path/Frameworks";
				PRODUCT_BUNDLE_IDENTIFIER = jayk1d.ZurichWC;
				PRODUCT_NAME = "$(TARGET_NAME)";
				SWIFT_VERSION = 4.0;
				TARGETED_DEVICE_FAMILY = "1,2";
			};
			name = Release;
		};
/* End XCBuildConfiguration section */

/* Begin XCConfigurationList section */
		697D08521F77D8C60090D946 /* Build configuration list for PBXProject "ZurichWC" */ = {
			isa = XCConfigurationList;
			buildConfigurations = (
				697D08671F77D8C60090D946 /* Debug */,
				697D08681F77D8C60090D946 /* Release */,
			);
			defaultConfigurationIsVisible = 0;
			defaultConfigurationName = Release;
		};
		697D08691F77D8C60090D946 /* Build configuration list for PBXNativeTarget "ZurichWC" */ = {
			isa = XCConfigurationList;
			buildConfigurations = (
				697D086A1F77D8C60090D946 /* Debug */,
				697D086B1F77D8C60090D946 /* Release */,
			);
			defaultConfigurationIsVisible = 0;
			defaultConfigurationName = Release;
		};
/* End XCConfigurationList section */
	};
	rootObject = 697D084F1F77D8C60090D946 /* Project object */;
}
